
Microsoft Visual Studio Solution File, Format Version 12.00
# Visual Studio Version 17
VisualStudioVersion = 17.11.35222.181
MinimumVisualStudioVersion = 10.0.40219.1
Project("{FAE04EC0-301F-11D3-BF4B-00C04F79EFBC}") = "XyzTanks", "XyzTanks\XyzTanks.csproj", "{51DBB641-6A5B-4BF3-90C2-BC41912D2756}"
EndProject
Global
	GlobalSection(SolutionConfigurationPlatforms) = preSolution
		Debug|Any CPU = Debug|Any CPU
		Release|Any CPU = Release|Any CPU
	EndGlobalSection
	GlobalSection(ProjectConfigurationPlatforms) = postSolution
		{51DBB641-6A5B-4BF3-90C2-BC41912D2756}.Debug|Any CPU.ActiveCfg = Debug|Any CPU
		{51DBB641-6A5B-4BF3-90C2-BC41912D2756}.Debug|Any CPU.Build.0 = Debug|Any CPU
		{51DBB641-6A5B-4BF3-90C2-BC41912D2756}.Release|Any CPU.ActiveCfg = Release|Any CPU
		{51DBB641-6A5B-4BF3-90C2-BC41912D2756}.Release|Any CPU.Build.0 = Release|Any CPU
	EndGlobalSection
	GlobalSection(SolutionProperties) = preSolution
		HideSolutionNode = FALSE
	EndGlobalSection
	GlobalSection(ExtensibilityGlobals) = postSolution
		SolutionGuid = {82B71C4E-B2FF-41A7-89B2-13464B233D0A}
	EndGlobalSection
EndGlobal
